
Microsoft Visual Studio Solution File, Format Version 12.00
# Visual Studio Version 17
VisualStudioVersion = 17.6.33829.357
MinimumVisualStudioVersion = 10.0.40219.1
Project("{FAE04EC0-301F-11D3-BF4B-00C04F79EFBC}") = "CreateCalculator", "CreateCalculator\CreateCalculator.csproj", "{46F5CA98-A3D8-43D0-B7F6-F156C51FD9F1}"
EndProject
Global
	GlobalSection(SolutionConfigurationPlatforms) = preSolution
		Debug|Any CPU = Debug|Any CPU
		Release|Any CPU = Release|Any CPU
	EndGlobalSection
	GlobalSection(ProjectConfigurationPlatforms) = postSolution
		{46F5CA98-A3D8-43D0-B7F6-F156C51FD9F1}.Debug|Any CPU.ActiveCfg = Debug|Any CPU
		{46F5CA98-A3D8-43D0-B7F6-F156C51FD9F1}.Debug|Any CPU.Build.0 = Debug|Any CPU
		{46F5CA98-A3D8-43D0-B7F6-F156C51FD9F1}.Release|Any CPU.ActiveCfg = Release|Any CPU
		{46F5CA98-A3D8-43D0-B7F6-F156C51FD9F1}.Release|Any CPU.Build.0 = Release|Any CPU
	EndGlobalSection
	GlobalSection(SolutionProperties) = preSolution
		HideSolutionNode = FALSE
	EndGlobalSection
	GlobalSection(ExtensibilityGlobals) = postSolution
		SolutionGuid = {79EF17D0-53CE-4062-97A1-11388F7371C4}
	EndGlobalSection
EndGlobal
